{
  "version": 4,
  "terraform_version": "1.1.5",
  "serial": 350,
  "lineage": "3fcff34f-df18-fa78-7f28-12e009e19954",
  "outputs": {},
  "resources": [
    {
      "mode": "data",
      "type": "template_file",
      "name": "airflow-script",
      "provider": "provider[\"registry.terraform.io/hashicorp/template\"]",
      "instances": [
        {
          "schema_version": 0,
          "attributes": {
            "filename": null,
            "id": "8e8fd038f8cbf7967f000333ad3b984220a3e72c1be5a82530fe31624348450b",
            "rendered": "#!/bin/bash\nsudo apt update\nsudo apt install python3-pip -y\nsudo apt install sqlite3 -y\nsudo apt install python3.10-venv -y\nsudo apt install libpq-dev -y\npip install \"apache-airflow[postgres]==2.5.1\" --constraint \"https://raw.githubusercontent.com/apache/airflow/constraints-2.5.1/constraints-3.7.txt\"\nsudo apt install postgresql postgresql-contrib -y\n\nairflow db init\n\n#sudo -i -u postgres\n#sudo -i -u postgres psql -c \"CREATE DATABASE airflow;\"\n#sudo -i -u postgres psql -c \"CREATE USER airflow WITH PASSWORD 'airflow';\"\n#sudo -i -u postgres psql -c \"GRANT ALL PRIVILEGES ON DATABASE airflow TO airflow;\"\n\ncd /root/airflow\n\ngrep sql_alchemy_conn airflow.cfg\n#sqlite:////root/airflow/airflow.db\n\n\naiflow_initial_db=`grep \"sql_alchemy_conn =\" /root/airflow/airflow.cfg`\necho \"$aiflow_initial_db\" | sed 's/sql_alchemy_conn = //g'\ndatabase_value=`echo \"$aiflow_initial_db\" | sed 's/sql_alchemy_conn = //g'`\n\nsed -i 's#$database_value#postgresql+psycopg2://admin_123a:admin_123a@airflow-db.cj0jajqgnaw0.us-east-1.rds.amazonaws.com/airflowdata#g' airflow.cfg\n\nsed -i 's#sqlite:////home/ubuntu/airflow/airflow.db#postgresql+psycopg2://admin_123a:admin_123a@airflow-db.cj0jajqgnaw0.us-east-1.rds.amazonaws.com/airflowdata#g' airflow.cfg\n\n#sed -i 's#SequentialExecutor#LocalExecutor#g' airflow.cfg\n\nairflow db init\n\nairflow users create -u airflow-1234 -f airflow -l airflow -r Admin -p airflow -e airflowi@gmail.com\n\nairflow webserver \u0026\n\nairflow scheduler\n",
            "template": "#!/bin/bash\nsudo apt update\nsudo apt install python3-pip -y\nsudo apt install sqlite3 -y\nsudo apt install python3.10-venv -y\nsudo apt install libpq-dev -y\npip install \"apache-airflow[postgres]==2.5.1\" --constraint \"https://raw.githubusercontent.com/apache/airflow/constraints-2.5.1/constraints-3.7.txt\"\nsudo apt install postgresql postgresql-contrib -y\n\nairflow db init\n\n#sudo -i -u postgres\n#sudo -i -u postgres psql -c \"CREATE DATABASE airflow;\"\n#sudo -i -u postgres psql -c \"CREATE USER airflow WITH PASSWORD 'airflow';\"\n#sudo -i -u postgres psql -c \"GRANT ALL PRIVILEGES ON DATABASE airflow TO airflow;\"\n\ncd /root/airflow\n\ngrep sql_alchemy_conn airflow.cfg\n#sqlite:////root/airflow/airflow.db\n\n\naiflow_initial_db=`grep \"sql_alchemy_conn =\" /root/airflow/airflow.cfg`\necho \"$aiflow_initial_db\" | sed 's/sql_alchemy_conn = //g'\ndatabase_value=`echo \"$aiflow_initial_db\" | sed 's/sql_alchemy_conn = //g'`\n\nsed -i 's#$database_value#postgresql+psycopg2://admin_123a:admin_123a@airflow-db.cj0jajqgnaw0.us-east-1.rds.amazonaws.com/airflowdata#g' airflow.cfg\n\nsed -i 's#sqlite:////home/ubuntu/airflow/airflow.db#postgresql+psycopg2://admin_123a:admin_123a@airflow-db.cj0jajqgnaw0.us-east-1.rds.amazonaws.com/airflowdata#g' airflow.cfg\n\n#sed -i 's#SequentialExecutor#LocalExecutor#g' airflow.cfg\n\nairflow db init\n\nairflow users create -u airflow-1234 -f airflow -l airflow -r Admin -p airflow -e airflowi@gmail.com\n\nairflow webserver \u0026\n\nairflow scheduler\n",
            "vars": null
          },
          "sensitive_attributes": []
        }
      ]
    },
    {
      "mode": "data",
      "type": "template_file",
      "name": "jenkins-script",
      "provider": "provider[\"registry.terraform.io/hashicorp/template\"]",
      "instances": [
        {
          "schema_version": 0,
          "attributes": {
            "filename": null,
            "id": "a32e227feaa622e5b239d21554001965e597246c056af9368567ff7e419bd802",
            "rendered": "#!/bin/bash\n#FOR UBUNTU\nsudo apt update\nsudo apt install openjdk-11-jdk -y\n\ncurl -fsSL https://pkg.jenkins.io/debian-stable/jenkins.io.key | sudo tee \\\n  /usr/share/keyrings/jenkins-keyring.asc \u003e /dev/null\necho deb [signed-by=/usr/share/keyrings/jenkins-keyring.asc] \\\n  https://pkg.jenkins.io/debian-stable binary/ | sudo tee \\\n  /etc/apt/sources.list.d/jenkins.list \u003e /dev/null\nsudo apt-get update\nsudo apt-get install jenkins -y\n\n\n",
            "template": "#!/bin/bash\n#FOR UBUNTU\nsudo apt update\nsudo apt install openjdk-11-jdk -y\n\ncurl -fsSL https://pkg.jenkins.io/debian-stable/jenkins.io.key | sudo tee \\\n  /usr/share/keyrings/jenkins-keyring.asc \u003e /dev/null\necho deb [signed-by=/usr/share/keyrings/jenkins-keyring.asc] \\\n  https://pkg.jenkins.io/debian-stable binary/ | sudo tee \\\n  /etc/apt/sources.list.d/jenkins.list \u003e /dev/null\nsudo apt-get update\nsudo apt-get install jenkins -y\n\n\n",
            "vars": null
          },
          "sensitive_attributes": []
        }
      ]
    },
    {
      "mode": "data",
      "type": "template_file",
      "name": "ssh-airflow-priv",
      "provider": "provider[\"registry.terraform.io/hashicorp/template\"]",
      "instances": [
        {
          "schema_version": 0,
          "attributes": {
            "filename": null,
            "id": "8b3722782e7e8c8be395539080209d69f2280007f8a9f87c2c6eae6e3ecee647",
            "rendered": "-----BEGIN OPENSSH PRIVATE KEY-----\nb3BlbnNzaC1rZXktdjEAAAAABG5vbmUAAAAEbm9uZQAAAAAAAAABAAABlwAAAAdzc2gtcn\nNhAAAAAwEAAQAAAYEA02SHC7dd1orV/5NnvaXdd0i7WvN0ATxC9iu+JwODu8kFOqJtsNNn\nFdvcp0q9AJjFUNgefslquQHRxDiS7HHJY+myrMtBkpxtUFspU3kaGnwMskbjAevKiy5S6v\nNDOAzsfMCcGiOKlBji9A3dLfIwESPCdAtGXKri9mVlB1VIqymW65FViyGxFUg0ZSrUY6sN\nHXQc018JK6u7K+XK4i6MEL6kmRTdohUECpw5Ygs8fZD4HLGc+TzABJl+hXaOkLNEtUfPzK\nmkm0jJjpiAdX435dz3RCQjSJsKmfTxnkZ5UNwwG0TVttmziL1nA+/wR8JmaR9AUDFI3GuQ\nSGU2U6ooKA883Drxe1EPtvgg9QUXlRn06r//TyE+bdBmGhqT3rejSht7kZheU/zrVL4Jsn\nFiRRuD2SKGv2wfVERTyJX0zANam4uFYEZusFEqinZcc5c7xQmvNCa2bMf4aIuxvnicJ7VJ\nheYcjClOIyjtboQ/zaMwq7Ri1BNzYwGr5MEKwBz3AAAFiC8HKZ8vBymfAAAAB3NzaC1yc2\nEAAAGBANNkhwu3XdaK1f+TZ72l3XdIu1rzdAE8QvYrvicDg7vJBTqibbDTZxXb3KdKvQCY\nxVDYHn7JarkB0cQ4kuxxyWPpsqzLQZKcbVBbKVN5Ghp8DLJG4wHryosuUurzQzgM7HzAnB\nojipQY4vQN3S3yMBEjwnQLRlyq4vZlZQdVSKspluuRVYshsRVINGUq1GOrDR10HNNfCSur\nuyvlyuIujBC+pJkU3aIVBAqcOWILPH2Q+ByxnPk8wASZfoV2jpCzRLVHz8yppJtIyY6YgH\nV+N+Xc90QkI0ibCpn08Z5GeVDcMBtE1bbZs4i9ZwPv8EfCZmkfQFAxSNxrkEhlNlOqKCgP\nPNw68XtRD7b4IPUFF5UZ9Oq//08hPm3QZhoak963o0obe5GYXlP861S+CbJxYkUbg9kihr\n9sH1REU8iV9MwDWpuLhWBGbrBRKop2XHOXO8UJrzQmtmzH+GiLsb54nCe1SYXmHIwpTiMo\n7W6EP82jMKu0YtQTc2MBq+TBCsAc9wAAAAMBAAEAAAGAKGPq0bhFe7qnTN/zUG8is6n38l\nbV8W58NOECwh2PzA+Kqjtizgh2h9ysemJzXmvSN7IzkXIWrCbG18EfgYH0QtziQNXNP6AX\n2uSwLrzS2gCdxGp68WEGIDXHrhCw5ULC5MtAiFYGImnm407K1f6SZJP6kYWd+hLEruOMvC\nv1aI7XwUbRm3Xiifhz2mimkCycouYOo+xiqi9z4d1UOIdAR+rFNGKiPlfZn9VduXgAJNXQ\nMltVbOHIpphVblbKwqcdvqTu/e+sLtEY6U5etQ/QvT3Y3gZLQqeAedy3Z+K33e6RC94bXK\nPwHC7ZgNy44ranrxzo9Tamm4TQpGvHAnzmJqrCpxJ1IdURzuD7bAG4s+8Sw+Hf70seiThN\nmJiM2ZrhL6ARhKOVEzdQ0AdZnxk32b0mdb5qRL7kR7uQKw6HgcNm6oBAFKTw+08/uFA0cV\nyk5Xwu4f5QnW7IrzYg2vqKuhNE8qreANOAL8LKt5Jf6m91fzBe1vso2YyZtKZZ5P9RAAAA\nwQDGJbiz8KxL+vBAXiH0wQ/46mXhyIefvf40YxBwKiybM7s/0gSEedIMeOY2J0aS6ftPJ/\nsmT3srG9FzOrC29PbYSBteTDOEta3G1DJQG7Lp3srQjEumFAMdvxq8VddGTIVzxEmHIKev\nEmb+gmLRSMUUL76Cg4k3tbYbOuzsUhdspdyMzL5pV3OyrinSFFKHudkWgZpsrQ/wk6G3wx\nxGs+NJEKMZFW4bYPOcG0omJGHyAbwuthh+lTrLMAwSawwkXLQAAADBAPXZd+0EcWhhAMlO\nkAc6thDiKWcLbDTOK108xLU9QxjJbPV7QuZkUzghnEmO3Zc9sJ5O2m+0FP4DBdwQh8BRBM\nLlshJAKfK4WgXlNguGJNHUAWJO6vzTy6CJBhzSIIx+pWonDbpQyY74DIw9whi9bX73M/o+\nRCq+QkObgltaDFxBIZo1R68d45WITu1geyFSqB/6xDYlybV97hq5oFO3pQrAGZaCNLeUep\nTZtPT8bUxMyxOzMrnULqRAreR6+X7sWwAAAMEA3B7dRgPvZX+l4onYzx3k7EYeISbBHc1h\nZZVFop/Ot9bsUB+zD0bfBkEmSEGNsTkPIyk0kDveABymM6bBgFZNzg/1y+DvG3ZUivM5Js\n34aZHIyRKXQxIVHtVSUHy3enZERhFFzA3Fc3B8qlKIewUPASno2v1IhtXUwIWoCQtH0oaN\nmsQN6qBFbSDeZyfa/hkbg1guiR8BfgRySEi5R9kDct0VUXwEDKYkaBmbSy6ddPYQ5sH5cs\n+GZZabRZPoN2SVAAAADmFzdXNAS2lzaGFuRGV2AQIDBA==\n-----END OPENSSH PRIVATE KEY-----\n",
            "template": "-----BEGIN OPENSSH PRIVATE KEY-----\nb3BlbnNzaC1rZXktdjEAAAAABG5vbmUAAAAEbm9uZQAAAAAAAAABAAABlwAAAAdzc2gtcn\nNhAAAAAwEAAQAAAYEA02SHC7dd1orV/5NnvaXdd0i7WvN0ATxC9iu+JwODu8kFOqJtsNNn\nFdvcp0q9AJjFUNgefslquQHRxDiS7HHJY+myrMtBkpxtUFspU3kaGnwMskbjAevKiy5S6v\nNDOAzsfMCcGiOKlBji9A3dLfIwESPCdAtGXKri9mVlB1VIqymW65FViyGxFUg0ZSrUY6sN\nHXQc018JK6u7K+XK4i6MEL6kmRTdohUECpw5Ygs8fZD4HLGc+TzABJl+hXaOkLNEtUfPzK\nmkm0jJjpiAdX435dz3RCQjSJsKmfTxnkZ5UNwwG0TVttmziL1nA+/wR8JmaR9AUDFI3GuQ\nSGU2U6ooKA883Drxe1EPtvgg9QUXlRn06r//TyE+bdBmGhqT3rejSht7kZheU/zrVL4Jsn\nFiRRuD2SKGv2wfVERTyJX0zANam4uFYEZusFEqinZcc5c7xQmvNCa2bMf4aIuxvnicJ7VJ\nheYcjClOIyjtboQ/zaMwq7Ri1BNzYwGr5MEKwBz3AAAFiC8HKZ8vBymfAAAAB3NzaC1yc2\nEAAAGBANNkhwu3XdaK1f+TZ72l3XdIu1rzdAE8QvYrvicDg7vJBTqibbDTZxXb3KdKvQCY\nxVDYHn7JarkB0cQ4kuxxyWPpsqzLQZKcbVBbKVN5Ghp8DLJG4wHryosuUurzQzgM7HzAnB\nojipQY4vQN3S3yMBEjwnQLRlyq4vZlZQdVSKspluuRVYshsRVINGUq1GOrDR10HNNfCSur\nuyvlyuIujBC+pJkU3aIVBAqcOWILPH2Q+ByxnPk8wASZfoV2jpCzRLVHz8yppJtIyY6YgH\nV+N+Xc90QkI0ibCpn08Z5GeVDcMBtE1bbZs4i9ZwPv8EfCZmkfQFAxSNxrkEhlNlOqKCgP\nPNw68XtRD7b4IPUFF5UZ9Oq//08hPm3QZhoak963o0obe5GYXlP861S+CbJxYkUbg9kihr\n9sH1REU8iV9MwDWpuLhWBGbrBRKop2XHOXO8UJrzQmtmzH+GiLsb54nCe1SYXmHIwpTiMo\n7W6EP82jMKu0YtQTc2MBq+TBCsAc9wAAAAMBAAEAAAGAKGPq0bhFe7qnTN/zUG8is6n38l\nbV8W58NOECwh2PzA+Kqjtizgh2h9ysemJzXmvSN7IzkXIWrCbG18EfgYH0QtziQNXNP6AX\n2uSwLrzS2gCdxGp68WEGIDXHrhCw5ULC5MtAiFYGImnm407K1f6SZJP6kYWd+hLEruOMvC\nv1aI7XwUbRm3Xiifhz2mimkCycouYOo+xiqi9z4d1UOIdAR+rFNGKiPlfZn9VduXgAJNXQ\nMltVbOHIpphVblbKwqcdvqTu/e+sLtEY6U5etQ/QvT3Y3gZLQqeAedy3Z+K33e6RC94bXK\nPwHC7ZgNy44ranrxzo9Tamm4TQpGvHAnzmJqrCpxJ1IdURzuD7bAG4s+8Sw+Hf70seiThN\nmJiM2ZrhL6ARhKOVEzdQ0AdZnxk32b0mdb5qRL7kR7uQKw6HgcNm6oBAFKTw+08/uFA0cV\nyk5Xwu4f5QnW7IrzYg2vqKuhNE8qreANOAL8LKt5Jf6m91fzBe1vso2YyZtKZZ5P9RAAAA\nwQDGJbiz8KxL+vBAXiH0wQ/46mXhyIefvf40YxBwKiybM7s/0gSEedIMeOY2J0aS6ftPJ/\nsmT3srG9FzOrC29PbYSBteTDOEta3G1DJQG7Lp3srQjEumFAMdvxq8VddGTIVzxEmHIKev\nEmb+gmLRSMUUL76Cg4k3tbYbOuzsUhdspdyMzL5pV3OyrinSFFKHudkWgZpsrQ/wk6G3wx\nxGs+NJEKMZFW4bYPOcG0omJGHyAbwuthh+lTrLMAwSawwkXLQAAADBAPXZd+0EcWhhAMlO\nkAc6thDiKWcLbDTOK108xLU9QxjJbPV7QuZkUzghnEmO3Zc9sJ5O2m+0FP4DBdwQh8BRBM\nLlshJAKfK4WgXlNguGJNHUAWJO6vzTy6CJBhzSIIx+pWonDbpQyY74DIw9whi9bX73M/o+\nRCq+QkObgltaDFxBIZo1R68d45WITu1geyFSqB/6xDYlybV97hq5oFO3pQrAGZaCNLeUep\nTZtPT8bUxMyxOzMrnULqRAreR6+X7sWwAAAMEA3B7dRgPvZX+l4onYzx3k7EYeISbBHc1h\nZZVFop/Ot9bsUB+zD0bfBkEmSEGNsTkPIyk0kDveABymM6bBgFZNzg/1y+DvG3ZUivM5Js\n34aZHIyRKXQxIVHtVSUHy3enZERhFFzA3Fc3B8qlKIewUPASno2v1IhtXUwIWoCQtH0oaN\nmsQN6qBFbSDeZyfa/hkbg1guiR8BfgRySEi5R9kDct0VUXwEDKYkaBmbSy6ddPYQ5sH5cs\n+GZZabRZPoN2SVAAAADmFzdXNAS2lzaGFuRGV2AQIDBA==\n-----END OPENSSH PRIVATE KEY-----\n",
            "vars": null
          },
          "sensitive_attributes": []
        }
      ]
    },
    {
      "mode": "data",
      "type": "template_file",
      "name": "ssh-airflow-pub",
      "provider": "provider[\"registry.terraform.io/hashicorp/template\"]",
      "instances": [
        {
          "schema_version": 0,
          "attributes": {
            "filename": null,
            "id": "b41b8d034c0d65d7043e68e42cdf01c2f4d3d54495a10763860d654a4fd07856",
            "rendered": "ssh-rsa AAAAB3NzaC1yc2EAAAADAQABAAABgQDTZIcLt13WitX/k2e9pd13SLta83QBPEL2K74nA4O7yQU6om2w02cV29ynSr0AmMVQ2B5+yWq5AdHEOJLscclj6bKsy0GSnG1QWylTeRoafAyyRuMB68qLLlLq80M4DOx8wJwaI4qUGOL0Dd0t8jARI8J0C0ZcquL2ZWUHVUirKZbrkVWLIbEVSDRlKtRjqw0ddBzTXwkrq7sr5criLowQvqSZFN2iFQQKnDliCzx9kPgcsZz5PMAEmX6Fdo6Qs0S1R8/MqaSbSMmOmIB1fjfl3PdEJCNImwqZ9PGeRnlQ3DAbRNW22bOIvWcD7/BHwmZpH0BQMUjca5BIZTZTqigoDzzcOvF7UQ+2+CD1BReVGfTqv/9PIT5t0GYaGpPet6NKG3uRmF5T/OtUvgmycWJFG4PZIoa/bB9URFPIlfTMA1qbi4VgRm6wUSqKdlxzlzvFCa80JrZsx/hoi7G+eJwntUmF5hyMKU4jKO1uhD/NozCrtGLUE3NjAavkwQrAHPc= asus@KishanDev\n",
            "template": "ssh-rsa AAAAB3NzaC1yc2EAAAADAQABAAABgQDTZIcLt13WitX/k2e9pd13SLta83QBPEL2K74nA4O7yQU6om2w02cV29ynSr0AmMVQ2B5+yWq5AdHEOJLscclj6bKsy0GSnG1QWylTeRoafAyyRuMB68qLLlLq80M4DOx8wJwaI4qUGOL0Dd0t8jARI8J0C0ZcquL2ZWUHVUirKZbrkVWLIbEVSDRlKtRjqw0ddBzTXwkrq7sr5criLowQvqSZFN2iFQQKnDliCzx9kPgcsZz5PMAEmX6Fdo6Qs0S1R8/MqaSbSMmOmIB1fjfl3PdEJCNImwqZ9PGeRnlQ3DAbRNW22bOIvWcD7/BHwmZpH0BQMUjca5BIZTZTqigoDzzcOvF7UQ+2+CD1BReVGfTqv/9PIT5t0GYaGpPet6NKG3uRmF5T/OtUvgmycWJFG4PZIoa/bB9URFPIlfTMA1qbi4VgRm6wUSqKdlxzlzvFCa80JrZsx/hoi7G+eJwntUmF5hyMKU4jKO1uhD/NozCrtGLUE3NjAavkwQrAHPc= asus@KishanDev\n",
            "vars": null
          },
          "sensitive_attributes": []
        }
      ]
    },
    {
      "module": "module.airflow",
      "mode": "managed",
      "type": "aws_ebs_volume",
      "name": "additional-disk",
      "provider": "provider[\"registry.terraform.io/hashicorp/aws\"]",
      "instances": [
        {
          "schema_version": 0,
          "attributes": {
            "arn": "arn:aws:ec2:us-east-1:956435550935:volume/vol-0b83d5d72e5a7000b",
            "availability_zone": "us-east-1a",
            "encrypted": false,
            "final_snapshot": false,
            "id": "vol-0b83d5d72e5a7000b",
            "iops": 100,
            "kms_key_id": "",
            "multi_attach_enabled": false,
            "outpost_arn": "",
            "size": 10,
            "snapshot_id": "",
            "tags": {
              "Name": "aws-us-d-airflow-ini-additional-disk"
            },
            "tags_all": {
              "Name": "aws-us-d-airflow-ini-additional-disk"
            },
            "throughput": 0,
            "timeouts": null,
            "type": "gp2"
          },
          "sensitive_attributes": [],
          "private": "eyJlMmJmYjczMC1lY2FhLTExZTYtOGY4OC0zNDM2M2JjN2M0YzAiOnsiY3JlYXRlIjozMDAwMDAwMDAwMDAsImRlbGV0ZSI6MzAwMDAwMDAwMDAwLCJ1cGRhdGUiOjMwMDAwMDAwMDAwMH19"
        }
      ]
    },
    {
      "module": "module.airflow",
      "mode": "managed",
      "type": "aws_instance",
      "name": "instance-dev",
      "provider": "provider[\"registry.terraform.io/hashicorp/aws\"]",
      "instances": [
        {
          "index_key": 0,
          "schema_version": 1,
          "attributes": {
            "ami": "ami-0557a15b87f6559cf",
            "arn": "arn:aws:ec2:us-east-1:956435550935:instance/i-094bbdea2a910f533",
            "associate_public_ip_address": true,
            "availability_zone": "us-east-1c",
            "capacity_reservation_specification": [
              {
                "capacity_reservation_preference": "open",
                "capacity_reservation_target": []
              }
            ],
            "cpu_core_count": 1,
            "cpu_threads_per_core": 1,
            "credit_specification": [
              {
                "cpu_credits": "standard"
              }
            ],
            "disable_api_stop": false,
            "disable_api_termination": false,
            "ebs_block_device": [
              {
                "delete_on_termination": true,
                "device_name": "/dev/sdb",
                "encrypted": false,
                "iops": 0,
                "kms_key_id": "",
                "snapshot_id": "",
                "tags": {},
                "throughput": 0,
                "volume_id": "vol-011a4ab91948fbf17",
                "volume_size": 10,
                "volume_type": "standard"
              }
            ],
            "ebs_optimized": false,
            "enclave_options": [
              {
                "enabled": false
              }
            ],
            "ephemeral_block_device": [],
            "get_password_data": false,
            "hibernation": false,
            "host_id": "",
            "host_resource_group_arn": null,
            "iam_instance_profile": "",
            "id": "i-094bbdea2a910f533",
            "instance_initiated_shutdown_behavior": "stop",
            "instance_state": "running",
            "instance_type": "t2.micro",
            "ipv6_address_count": 0,
            "ipv6_addresses": [],
            "key_name": "aws-us-d-airflow-keys",
            "launch_template": [
              {
                "id": "lt-0e1ceb792451c27b5",
                "name": "aws-us-d-airflow-linux-machine-templates",
                "version": "$Default"
              }
            ],
            "maintenance_options": [
              {
                "auto_recovery": "default"
              }
            ],
            "metadata_options": [
              {
                "http_endpoint": "enabled",
                "http_put_response_hop_limit": 1,
                "http_tokens": "optional",
                "instance_metadata_tags": "disabled"
              }
            ],
            "monitoring": false,
            "network_interface": [],
            "outpost_arn": "",
            "password_data": "",
            "placement_group": "",
            "placement_partition_number": 0,
            "primary_network_interface_id": "eni-01c215b4fd76d8288",
            "private_dns": "ip-172-31-23-15.ec2.internal",
            "private_dns_name_options": [
              {
                "enable_resource_name_dns_a_record": false,
                "enable_resource_name_dns_aaaa_record": false,
                "hostname_type": "ip-name"
              }
            ],
            "private_ip": "172.31.23.15",
            "public_dns": "ec2-3-80-220-234.compute-1.amazonaws.com",
            "public_ip": "3.80.220.234",
            "root_block_device": [
              {
                "delete_on_termination": true,
                "device_name": "/dev/sda1",
                "encrypted": false,
                "iops": 100,
                "kms_key_id": "",
                "tags": {},
                "throughput": 0,
                "volume_id": "vol-01859bd67ee51c428",
                "volume_size": 8,
                "volume_type": "gp2"
              }
            ],
            "secondary_private_ips": [],
            "security_groups": [
              "aws-us-d-airflow-sg"
            ],
            "source_dest_check": true,
            "subnet_id": "subnet-04641fc4dd0f66bc0",
            "tags": {
              "Name": "aws-us-d-airflow-instance-0",
              "image": "ubuntu",
              "script": "airflow-init"
            },
            "tags_all": {
              "Name": "aws-us-d-airflow-instance-0",
              "image": "ubuntu",
              "script": "airflow-init"
            },
            "tenancy": "default",
            "timeouts": null,
            "user_data": "a59fdea74ede0bdbf429451de1d66577efa45d9d",
            "user_data_base64": null,
            "user_data_replace_on_change": false,
            "volume_tags": null,
            "vpc_security_group_ids": [
              "sg-0d8b17fbc197b9073"
            ]
          },
          "sensitive_attributes": [],
          "private": "eyJlMmJmYjczMC1lY2FhLTExZTYtOGY4OC0zNDM2M2JjN2M0YzAiOnsiY3JlYXRlIjo2MDAwMDAwMDAwMDAsImRlbGV0ZSI6MTIwMDAwMDAwMDAwMCwidXBkYXRlIjo2MDAwMDAwMDAwMDB9LCJzY2hlbWFfdmVyc2lvbiI6IjEifQ==",
          "dependencies": [
            "data.template_file.airflow-script",
            "data.template_file.ssh-airflow-priv",
            "data.template_file.ssh-airflow-pub",
            "module.airflow.aws_key_pair.instance-key",
            "module.airflow.aws_launch_template.linux",
            "module.airflow.aws_security_group.instance-sg"
          ]
        }
      ]
    },
    {
      "module": "module.airflow",
      "mode": "managed",
      "type": "aws_key_pair",
      "name": "instance-key",
      "provider": "provider[\"registry.terraform.io/hashicorp/aws\"]",
      "instances": [
        {
          "schema_version": 1,
          "attributes": {
            "arn": "arn:aws:ec2:us-east-1:956435550935:key-pair/aws-us-d-airflow-keys",
            "fingerprint": "1f:9c:0f:8b:91:79:58:58:2c:54:9f:9e:d1:4f:f3:e6",
            "id": "aws-us-d-airflow-keys",
            "key_name": "aws-us-d-airflow-keys",
            "key_name_prefix": "",
            "key_pair_id": "key-0406b07f816c7fa53",
            "key_type": "rsa",
            "public_key": "ssh-rsa AAAAB3NzaC1yc2EAAAADAQABAAABgQDTZIcLt13WitX/k2e9pd13SLta83QBPEL2K74nA4O7yQU6om2w02cV29ynSr0AmMVQ2B5+yWq5AdHEOJLscclj6bKsy0GSnG1QWylTeRoafAyyRuMB68qLLlLq80M4DOx8wJwaI4qUGOL0Dd0t8jARI8J0C0ZcquL2ZWUHVUirKZbrkVWLIbEVSDRlKtRjqw0ddBzTXwkrq7sr5criLowQvqSZFN2iFQQKnDliCzx9kPgcsZz5PMAEmX6Fdo6Qs0S1R8/MqaSbSMmOmIB1fjfl3PdEJCNImwqZ9PGeRnlQ3DAbRNW22bOIvWcD7/BHwmZpH0BQMUjca5BIZTZTqigoDzzcOvF7UQ+2+CD1BReVGfTqv/9PIT5t0GYaGpPet6NKG3uRmF5T/OtUvgmycWJFG4PZIoa/bB9URFPIlfTMA1qbi4VgRm6wUSqKdlxzlzvFCa80JrZsx/hoi7G+eJwntUmF5hyMKU4jKO1uhD/NozCrtGLUE3NjAavkwQrAHPc= asus@KishanDev",
            "tags": null,
            "tags_all": {}
          },
          "sensitive_attributes": [],
          "private": "eyJzY2hlbWFfdmVyc2lvbiI6IjEifQ==",
          "dependencies": [
            "data.template_file.ssh-airflow-pub"
          ]
        }
      ]
    },
    {
      "module": "module.airflow",
      "mode": "managed",
      "type": "aws_launch_template",
      "name": "linux",
      "provider": "provider[\"registry.terraform.io/hashicorp/aws\"]",
      "instances": [
        {
          "schema_version": 0,
          "attributes": {
            "arn": "arn:aws:ec2:us-east-1:956435550935:launch-template/lt-0e1ceb792451c27b5",
            "block_device_mappings": [
              {
                "device_name": "/dev/sdb",
                "ebs": [
                  {
                    "delete_on_termination": "true",
                    "encrypted": "",
                    "iops": 0,
                    "kms_key_id": "",
                    "snapshot_id": "",
                    "throughput": 0,
                    "volume_size": 10,
                    "volume_type": "standard"
                  }
                ],
                "no_device": "",
                "virtual_name": ""
              }
            ],
            "capacity_reservation_specification": [],
            "cpu_options": [],
            "credit_specification": [],
            "default_version": 1,
            "description": "",
            "disable_api_stop": false,
            "disable_api_termination": false,
            "ebs_optimized": "",
            "elastic_gpu_specifications": [],
            "elastic_inference_accelerator": [],
            "enclave_options": [],
            "hibernation_options": [],
            "iam_instance_profile": [],
            "id": "lt-0e1ceb792451c27b5",
            "image_id": "ami-0557a15b87f6559cf",
            "instance_initiated_shutdown_behavior": "",
            "instance_market_options": [],
            "instance_requirements": [],
            "instance_type": "t2.micro",
            "kernel_id": "",
            "key_name": "aws-us-d-airflow-keys",
            "latest_version": 1,
            "license_specification": [],
            "maintenance_options": [],
            "metadata_options": [],
            "monitoring": [
              {
                "enabled": true
              }
            ],
            "name": "aws-us-d-airflow-linux-machine-templates",
            "name_prefix": "",
            "network_interfaces": [],
            "placement": [
              {
                "affinity": "",
                "availability_zone": "us-east-1a",
                "group_name": "",
                "host_id": "",
                "host_resource_group_arn": "",
                "partition_number": 0,
                "spread_domain": "",
                "tenancy": ""
              }
            ],
            "private_dns_name_options": [],
            "ram_disk_id": "",
            "security_group_names": null,
            "tag_specifications": [
              {
                "resource_type": "instance",
                "tags": {
                  "Name": "aws-us-d-airflow",
                  "image": "ubuntu",
                  "script": "airflow-init"
                }
              }
            ],
            "tags": null,
            "tags_all": {},
            "update_default_version": null,
            "user_data": "IyEvYmluL2Jhc2gKc3VkbyBhcHQgdXBkYXRlCnN1ZG8gYXB0IGluc3RhbGwgcHl0aG9uMy1waXAgLXkKc3VkbyBhcHQgaW5zdGFsbCBzcWxpdGUzIC15CnN1ZG8gYXB0IGluc3RhbGwgcHl0aG9uMy4xMC12ZW52IC15CnN1ZG8gYXB0IGluc3RhbGwgbGlicHEtZGV2IC15CnBpcCBpbnN0YWxsICJhcGFjaGUtYWlyZmxvd1twb3N0Z3Jlc109PTIuNS4xIiAtLWNvbnN0cmFpbnQgImh0dHBzOi8vcmF3LmdpdGh1YnVzZXJjb250ZW50LmNvbS9hcGFjaGUvYWlyZmxvdy9jb25zdHJhaW50cy0yLjUuMS9jb25zdHJhaW50cy0zLjcudHh0IgpzdWRvIGFwdCBpbnN0YWxsIHBvc3RncmVzcWwgcG9zdGdyZXNxbC1jb250cmliIC15CgphaXJmbG93IGRiIGluaXQKCiNzdWRvIC1pIC11IHBvc3RncmVzCiNzdWRvIC1pIC11IHBvc3RncmVzIHBzcWwgLWMgIkNSRUFURSBEQVRBQkFTRSBhaXJmbG93OyIKI3N1ZG8gLWkgLXUgcG9zdGdyZXMgcHNxbCAtYyAiQ1JFQVRFIFVTRVIgYWlyZmxvdyBXSVRIIFBBU1NXT1JEICdhaXJmbG93JzsiCiNzdWRvIC1pIC11IHBvc3RncmVzIHBzcWwgLWMgIkdSQU5UIEFMTCBQUklWSUxFR0VTIE9OIERBVEFCQVNFIGFpcmZsb3cgVE8gYWlyZmxvdzsiCgpjZCAvcm9vdC9haXJmbG93CgpncmVwIHNxbF9hbGNoZW15X2Nvbm4gYWlyZmxvdy5jZmcKI3NxbGl0ZTovLy8vcm9vdC9haXJmbG93L2FpcmZsb3cuZGIKCgphaWZsb3dfaW5pdGlhbF9kYj1gZ3JlcCAic3FsX2FsY2hlbXlfY29ubiA9IiAvcm9vdC9haXJmbG93L2FpcmZsb3cuY2ZnYAplY2hvICIkYWlmbG93X2luaXRpYWxfZGIiIHwgc2VkICdzL3NxbF9hbGNoZW15X2Nvbm4gPSAvL2cnCmRhdGFiYXNlX3ZhbHVlPWBlY2hvICIkYWlmbG93X2luaXRpYWxfZGIiIHwgc2VkICdzL3NxbF9hbGNoZW15X2Nvbm4gPSAvL2cnYAoKc2VkIC1pICdzIyRkYXRhYmFzZV92YWx1ZSNwb3N0Z3Jlc3FsK3BzeWNvcGcyOi8vYWRtaW5fMTIzYTphZG1pbl8xMjNhQGFpcmZsb3ctZGIuY2owamFqcWduYXcwLnVzLWVhc3QtMS5yZHMuYW1hem9uYXdzLmNvbS9haXJmbG93ZGF0YSNnJyBhaXJmbG93LmNmZwoKc2VkIC1pICdzI3NxbGl0ZTovLy8vaG9tZS91YnVudHUvYWlyZmxvdy9haXJmbG93LmRiI3Bvc3RncmVzcWwrcHN5Y29wZzI6Ly9hZG1pbl8xMjNhOmFkbWluXzEyM2FAYWlyZmxvdy1kYi5jajBqYWpxZ25hdzAudXMtZWFzdC0xLnJkcy5hbWF6b25hd3MuY29tL2FpcmZsb3dkYXRhI2cnIGFpcmZsb3cuY2ZnCgojc2VkIC1pICdzI1NlcXVlbnRpYWxFeGVjdXRvciNMb2NhbEV4ZWN1dG9yI2cnIGFpcmZsb3cuY2ZnCgphaXJmbG93IGRiIGluaXQKCmFpcmZsb3cgdXNlcnMgY3JlYXRlIC11IGFpcmZsb3ctMTIzNCAtZiBhaXJmbG93IC1sIGFpcmZsb3cgLXIgQWRtaW4gLXAgYWlyZmxvdyAtZSBhaXJmbG93aUBnbWFpbC5jb20KCmFpcmZsb3cgd2Vic2VydmVyICYKCmFpcmZsb3cgc2NoZWR1bGVyCg==",
            "vpc_security_group_ids": [
              "sg-0d8b17fbc197b9073"
            ]
          },
          "sensitive_attributes": [],
          "private": "bnVsbA==",
          "dependencies": [
            "data.template_file.airflow-script",
            "data.template_file.ssh-airflow-pub",
            "module.airflow.aws_key_pair.instance-key",
            "module.airflow.aws_security_group.instance-sg"
          ]
        }
      ]
    },
    {
      "module": "module.airflow",
      "mode": "managed",
      "type": "aws_security_group",
      "name": "instance-sg",
      "provider": "provider[\"registry.terraform.io/hashicorp/aws\"]",
      "instances": [
        {
          "schema_version": 1,
          "attributes": {
            "arn": "arn:aws:ec2:us-east-1:956435550935:security-group/sg-0d8b17fbc197b9073",
            "description": "Allow MYIP inbound traffic",
            "egress": [
              {
                "cidr_blocks": [
                  "0.0.0.0/0"
                ],
                "description": "",
                "from_port": 0,
                "ipv6_cidr_blocks": [
                  "::/0"
                ],
                "prefix_list_ids": [],
                "protocol": "-1",
                "security_groups": [],
                "self": false,
                "to_port": 0
              }
            ],
            "id": "sg-0d8b17fbc197b9073",
            "ingress": [
              {
                "cidr_blocks": [
                  "49.37.128.45/32"
                ],
                "description": "HTTP from VPC",
                "from_port": 8080,
                "ipv6_cidr_blocks": [],
                "prefix_list_ids": [],
                "protocol": "tcp",
                "security_groups": [],
                "self": false,
                "to_port": 8080
              },
              {
                "cidr_blocks": [
                  "49.37.128.45/32"
                ],
                "description": "SSH from VPC",
                "from_port": 22,
                "ipv6_cidr_blocks": [],
                "prefix_list_ids": [],
                "protocol": "tcp",
                "security_groups": [],
                "self": false,
                "to_port": 22
              },
              {
                "cidr_blocks": [],
                "description": "connecting DATABASE and VM",
                "from_port": 5432,
                "ipv6_cidr_blocks": [],
                "prefix_list_ids": [],
                "protocol": "tcp",
                "security_groups": [
                  "sg-0a58176a98d6feff0"
                ],
                "self": false,
                "to_port": 5432
              }
            ],
            "name": "aws-us-d-airflow-sg",
            "name_prefix": "",
            "owner_id": "956435550935",
            "revoke_rules_on_delete": false,
            "tags": {
              "Name": "airflow-security-group"
            },
            "tags_all": {
              "Name": "airflow-security-group"
            },
            "timeouts": null,
            "vpc_id": "vpc-035421cb609afc552"
          },
          "sensitive_attributes": [],
          "private": "eyJlMmJmYjczMC1lY2FhLTExZTYtOGY4OC0zNDM2M2JjN2M0YzAiOnsiY3JlYXRlIjo2MDAwMDAwMDAwMDAsImRlbGV0ZSI6OTAwMDAwMDAwMDAwfSwic2NoZW1hX3ZlcnNpb24iOiIxIn0="
        }
      ]
    },
    {
      "module": "module.jenkins",
      "mode": "managed",
      "type": "aws_ebs_volume",
      "name": "additional-disk",
      "provider": "provider[\"registry.terraform.io/hashicorp/aws\"]",
      "instances": [
        {
          "schema_version": 0,
          "attributes": {
            "arn": "arn:aws:ec2:us-east-1:956435550935:volume/vol-0c51815cac5b6f88e",
            "availability_zone": "us-east-1a",
            "encrypted": false,
            "final_snapshot": false,
            "id": "vol-0c51815cac5b6f88e",
            "iops": 100,
            "kms_key_id": "",
            "multi_attach_enabled": false,
            "outpost_arn": "",
            "size": 10,
            "snapshot_id": "",
            "tags": {
              "Name": "aws-us-d-Jenkins-ini-additional-disk"
            },
            "tags_all": {
              "Name": "aws-us-d-Jenkins-ini-additional-disk"
            },
            "throughput": 0,
            "timeouts": null,
            "type": "gp2"
          },
          "sensitive_attributes": [],
          "private": "eyJlMmJmYjczMC1lY2FhLTExZTYtOGY4OC0zNDM2M2JjN2M0YzAiOnsiY3JlYXRlIjozMDAwMDAwMDAwMDAsImRlbGV0ZSI6MzAwMDAwMDAwMDAwLCJ1cGRhdGUiOjMwMDAwMDAwMDAwMH19"
        }
      ]
    },
    {
      "module": "module.jenkins",
      "mode": "managed",
      "type": "aws_instance",
      "name": "instance-dev",
      "provider": "provider[\"registry.terraform.io/hashicorp/aws\"]",
      "instances": [
        {
          "index_key": 0,
          "schema_version": 1,
          "attributes": {
            "ami": "ami-0557a15b87f6559cf",
            "arn": "arn:aws:ec2:us-east-1:956435550935:instance/i-00e551c355c693931",
            "associate_public_ip_address": true,
            "availability_zone": "us-east-1c",
            "capacity_reservation_specification": [
              {
                "capacity_reservation_preference": "open",
                "capacity_reservation_target": []
              }
            ],
            "cpu_core_count": 1,
            "cpu_threads_per_core": 1,
            "credit_specification": [
              {
                "cpu_credits": "standard"
              }
            ],
            "disable_api_stop": false,
            "disable_api_termination": false,
            "ebs_block_device": [
              {
                "delete_on_termination": true,
                "device_name": "/dev/sdb",
                "encrypted": false,
                "iops": 0,
                "kms_key_id": "",
                "snapshot_id": "",
                "tags": {},
                "throughput": 0,
                "volume_id": "vol-073804c9cf50c4d65",
                "volume_size": 10,
                "volume_type": "standard"
              }
            ],
            "ebs_optimized": false,
            "enclave_options": [
              {
                "enabled": false
              }
            ],
            "ephemeral_block_device": [],
            "get_password_data": false,
            "hibernation": false,
            "host_id": "",
            "host_resource_group_arn": null,
            "iam_instance_profile": "",
            "id": "i-00e551c355c693931",
            "instance_initiated_shutdown_behavior": "stop",
            "instance_state": "running",
            "instance_type": "t2.micro",
            "ipv6_address_count": 0,
            "ipv6_addresses": [],
            "key_name": "aws-us-d-Jenkins-keys",
            "launch_template": [
              {
                "id": "lt-085a16b12fc150abb",
                "name": "aws-us-d-Jenkins-linux-machine-templates",
                "version": "$Default"
              }
            ],
            "maintenance_options": [
              {
                "auto_recovery": "default"
              }
            ],
            "metadata_options": [
              {
                "http_endpoint": "enabled",
                "http_put_response_hop_limit": 1,
                "http_tokens": "optional",
                "instance_metadata_tags": "disabled"
              }
            ],
            "monitoring": false,
            "network_interface": [],
            "outpost_arn": "",
            "password_data": "",
            "placement_group": "",
            "placement_partition_number": 0,
            "primary_network_interface_id": "eni-04e73627d0d136b6c",
            "private_dns": "ip-172-31-28-41.ec2.internal",
            "private_dns_name_options": [
              {
                "enable_resource_name_dns_a_record": false,
                "enable_resource_name_dns_aaaa_record": false,
                "hostname_type": "ip-name"
              }
            ],
            "private_ip": "172.31.28.41",
            "public_dns": "ec2-50-19-75-112.compute-1.amazonaws.com",
            "public_ip": "50.19.75.112",
            "root_block_device": [
              {
                "delete_on_termination": true,
                "device_name": "/dev/sda1",
                "encrypted": false,
                "iops": 100,
                "kms_key_id": "",
                "tags": {},
                "throughput": 0,
                "volume_id": "vol-0ca9ae7637eead84a",
                "volume_size": 8,
                "volume_type": "gp2"
              }
            ],
            "secondary_private_ips": [],
            "security_groups": [
              "aws-us-d-Jenkins-sg"
            ],
            "source_dest_check": true,
            "subnet_id": "subnet-04641fc4dd0f66bc0",
            "tags": {
              "Name": "aws-us-d-Jenkins-instance-0",
              "image": "ubuntu",
              "script": "Jenkins-init"
            },
            "tags_all": {
              "Name": "aws-us-d-Jenkins-instance-0",
              "image": "ubuntu",
              "script": "Jenkins-init"
            },
            "tenancy": "default",
            "timeouts": null,
            "user_data": "8130e3b7fc8fd0b9d7ef4a572392052d9bb15750",
            "user_data_base64": null,
            "user_data_replace_on_change": false,
            "volume_tags": null,
            "vpc_security_group_ids": [
              "sg-077fd6b4f52350a45"
            ]
          },
          "sensitive_attributes": [],
          "private": "eyJlMmJmYjczMC1lY2FhLTExZTYtOGY4OC0zNDM2M2JjN2M0YzAiOnsiY3JlYXRlIjo2MDAwMDAwMDAwMDAsImRlbGV0ZSI6MTIwMDAwMDAwMDAwMCwidXBkYXRlIjo2MDAwMDAwMDAwMDB9LCJzY2hlbWFfdmVyc2lvbiI6IjEifQ==",
          "dependencies": [
            "data.template_file.jenkins-script",
            "data.template_file.ssh-airflow-priv",
            "data.template_file.ssh-airflow-pub",
            "module.jenkins.aws_key_pair.instance-key",
            "module.jenkins.aws_launch_template.linux",
            "module.jenkins.aws_security_group.instance-sg"
          ]
        }
      ]
    },
    {
      "module": "module.jenkins",
      "mode": "managed",
      "type": "aws_key_pair",
      "name": "instance-key",
      "provider": "provider[\"registry.terraform.io/hashicorp/aws\"]",
      "instances": [
        {
          "schema_version": 1,
          "attributes": {
            "arn": "arn:aws:ec2:us-east-1:956435550935:key-pair/aws-us-d-Jenkins-keys",
            "fingerprint": "1f:9c:0f:8b:91:79:58:58:2c:54:9f:9e:d1:4f:f3:e6",
            "id": "aws-us-d-Jenkins-keys",
            "key_name": "aws-us-d-Jenkins-keys",
            "key_name_prefix": "",
            "key_pair_id": "key-0ea1122b5635fd80e",
            "key_type": "rsa",
            "public_key": "ssh-rsa AAAAB3NzaC1yc2EAAAADAQABAAABgQDTZIcLt13WitX/k2e9pd13SLta83QBPEL2K74nA4O7yQU6om2w02cV29ynSr0AmMVQ2B5+yWq5AdHEOJLscclj6bKsy0GSnG1QWylTeRoafAyyRuMB68qLLlLq80M4DOx8wJwaI4qUGOL0Dd0t8jARI8J0C0ZcquL2ZWUHVUirKZbrkVWLIbEVSDRlKtRjqw0ddBzTXwkrq7sr5criLowQvqSZFN2iFQQKnDliCzx9kPgcsZz5PMAEmX6Fdo6Qs0S1R8/MqaSbSMmOmIB1fjfl3PdEJCNImwqZ9PGeRnlQ3DAbRNW22bOIvWcD7/BHwmZpH0BQMUjca5BIZTZTqigoDzzcOvF7UQ+2+CD1BReVGfTqv/9PIT5t0GYaGpPet6NKG3uRmF5T/OtUvgmycWJFG4PZIoa/bB9URFPIlfTMA1qbi4VgRm6wUSqKdlxzlzvFCa80JrZsx/hoi7G+eJwntUmF5hyMKU4jKO1uhD/NozCrtGLUE3NjAavkwQrAHPc= asus@KishanDev",
            "tags": null,
            "tags_all": {}
          },
          "sensitive_attributes": [],
          "private": "eyJzY2hlbWFfdmVyc2lvbiI6IjEifQ==",
          "dependencies": [
            "data.template_file.ssh-airflow-pub"
          ]
        }
      ]
    },
    {
      "module": "module.jenkins",
      "mode": "managed",
      "type": "aws_launch_template",
      "name": "linux",
      "provider": "provider[\"registry.terraform.io/hashicorp/aws\"]",
      "instances": [
        {
          "schema_version": 0,
          "attributes": {
            "arn": "arn:aws:ec2:us-east-1:956435550935:launch-template/lt-085a16b12fc150abb",
            "block_device_mappings": [
              {
                "device_name": "/dev/sdb",
                "ebs": [
                  {
                    "delete_on_termination": "true",
                    "encrypted": "",
                    "iops": 0,
                    "kms_key_id": "",
                    "snapshot_id": "",
                    "throughput": 0,
                    "volume_size": 10,
                    "volume_type": "standard"
                  }
                ],
                "no_device": "",
                "virtual_name": ""
              }
            ],
            "capacity_reservation_specification": [],
            "cpu_options": [],
            "credit_specification": [],
            "default_version": 1,
            "description": "",
            "disable_api_stop": false,
            "disable_api_termination": false,
            "ebs_optimized": "",
            "elastic_gpu_specifications": [],
            "elastic_inference_accelerator": [],
            "enclave_options": [],
            "hibernation_options": [],
            "iam_instance_profile": [],
            "id": "lt-085a16b12fc150abb",
            "image_id": "ami-0557a15b87f6559cf",
            "instance_initiated_shutdown_behavior": "",
            "instance_market_options": [],
            "instance_requirements": [],
            "instance_type": "t2.micro",
            "kernel_id": "",
            "key_name": "aws-us-d-Jenkins-keys",
            "latest_version": 1,
            "license_specification": [],
            "maintenance_options": [],
            "metadata_options": [],
            "monitoring": [
              {
                "enabled": true
              }
            ],
            "name": "aws-us-d-Jenkins-linux-machine-templates",
            "name_prefix": "",
            "network_interfaces": [],
            "placement": [
              {
                "affinity": "",
                "availability_zone": "us-east-1a",
                "group_name": "",
                "host_id": "",
                "host_resource_group_arn": "",
                "partition_number": 0,
                "spread_domain": "",
                "tenancy": ""
              }
            ],
            "private_dns_name_options": [],
            "ram_disk_id": "",
            "security_group_names": null,
            "tag_specifications": [
              {
                "resource_type": "instance",
                "tags": {
                  "Name": "aws-us-d-Jenkins",
                  "image": "ubuntu",
                  "script": "Jenkins-init"
                }
              }
            ],
            "tags": null,
            "tags_all": {},
            "update_default_version": null,
            "user_data": "IyEvYmluL2Jhc2gKI0ZPUiBVQlVOVFUKc3VkbyBhcHQgdXBkYXRlCnN1ZG8gYXB0IGluc3RhbGwgb3Blbmpkay0xMS1qZGsgLXkKCmN1cmwgLWZzU0wgaHR0cHM6Ly9wa2cuamVua2lucy5pby9kZWJpYW4tc3RhYmxlL2plbmtpbnMuaW8ua2V5IHwgc3VkbyB0ZWUgXAogIC91c3Ivc2hhcmUva2V5cmluZ3MvamVua2lucy1rZXlyaW5nLmFzYyA+IC9kZXYvbnVsbAplY2hvIGRlYiBbc2lnbmVkLWJ5PS91c3Ivc2hhcmUva2V5cmluZ3MvamVua2lucy1rZXlyaW5nLmFzY10gXAogIGh0dHBzOi8vcGtnLmplbmtpbnMuaW8vZGViaWFuLXN0YWJsZSBiaW5hcnkvIHwgc3VkbyB0ZWUgXAogIC9ldGMvYXB0L3NvdXJjZXMubGlzdC5kL2plbmtpbnMubGlzdCA+IC9kZXYvbnVsbApzdWRvIGFwdC1nZXQgdXBkYXRlCnN1ZG8gYXB0LWdldCBpbnN0YWxsIGplbmtpbnMgLXkKCgo=",
            "vpc_security_group_ids": [
              "sg-077fd6b4f52350a45"
            ]
          },
          "sensitive_attributes": [],
          "private": "bnVsbA==",
          "dependencies": [
            "data.template_file.jenkins-script",
            "data.template_file.ssh-airflow-pub",
            "module.jenkins.aws_key_pair.instance-key",
            "module.jenkins.aws_security_group.instance-sg"
          ]
        }
      ]
    },
    {
      "module": "module.jenkins",
      "mode": "managed",
      "type": "aws_security_group",
      "name": "instance-sg",
      "provider": "provider[\"registry.terraform.io/hashicorp/aws\"]",
      "instances": [
        {
          "schema_version": 1,
          "attributes": {
            "arn": "arn:aws:ec2:us-east-1:956435550935:security-group/sg-077fd6b4f52350a45",
            "description": "Allow MYIP inbound traffic",
            "egress": [
              {
                "cidr_blocks": [
                  "0.0.0.0/0"
                ],
                "description": "",
                "from_port": 0,
                "ipv6_cidr_blocks": [
                  "::/0"
                ],
                "prefix_list_ids": [],
                "protocol": "-1",
                "security_groups": [],
                "self": false,
                "to_port": 0
              }
            ],
            "id": "sg-077fd6b4f52350a45",
            "ingress": [
              {
                "cidr_blocks": [
                  "49.37.128.45/32"
                ],
                "description": "HTTP from VPC",
                "from_port": 8080,
                "ipv6_cidr_blocks": [],
                "prefix_list_ids": [],
                "protocol": "tcp",
                "security_groups": [],
                "self": false,
                "to_port": 8080
              },
              {
                "cidr_blocks": [
                  "49.37.128.45/32"
                ],
                "description": "SSH from VPC",
                "from_port": 22,
                "ipv6_cidr_blocks": [],
                "prefix_list_ids": [],
                "protocol": "tcp",
                "security_groups": [],
                "self": false,
                "to_port": 22
              },
              {
                "cidr_blocks": [],
                "description": "connecting DATABASE and VM",
                "from_port": 5432,
                "ipv6_cidr_blocks": [],
                "prefix_list_ids": [],
                "protocol": "tcp",
                "security_groups": [
                  "sg-0a58176a98d6feff0"
                ],
                "self": false,
                "to_port": 5432
              }
            ],
            "name": "aws-us-d-Jenkins-sg",
            "name_prefix": "",
            "owner_id": "956435550935",
            "revoke_rules_on_delete": false,
            "tags": {
              "Name": "airflow-security-group"
            },
            "tags_all": {
              "Name": "airflow-security-group"
            },
            "timeouts": null,
            "vpc_id": "vpc-035421cb609afc552"
          },
          "sensitive_attributes": [],
          "private": "eyJlMmJmYjczMC1lY2FhLTExZTYtOGY4OC0zNDM2M2JjN2M0YzAiOnsiY3JlYXRlIjo2MDAwMDAwMDAwMDAsImRlbGV0ZSI6OTAwMDAwMDAwMDAwfSwic2NoZW1hX3ZlcnNpb24iOiIxIn0="
        }
      ]
    }
  ]
}
